
Microsoft Visual Studio Solution File, Format Version 12.00
# Visual Studio Version 17
VisualStudioVersion = 17.7.34009.444
MinimumVisualStudioVersion = 10.0.40219.1
Project("{FAE04EC0-301F-11D3-BF4B-00C04F79EFBC}") = "SumOf3", "SumOf3\SumOf3.csproj", "{BD10564C-6FC3-495D-B93D-BB53ECEC2558}"
EndProject
Global
	GlobalSection(SolutionConfigurationPlatforms) = preSolution
		Debug|Any CPU = Debug|Any CPU
		Release|Any CPU = Release|Any CPU
	EndGlobalSection
	GlobalSection(ProjectConfigurationPlatforms) = postSolution
		{BD10564C-6FC3-495D-B93D-BB53ECEC2558}.Debug|Any CPU.ActiveCfg = Debug|Any CPU
		{BD10564C-6FC3-495D-B93D-BB53ECEC2558}.Debug|Any CPU.Build.0 = Debug|Any CPU
		{BD10564C-6FC3-495D-B93D-BB53ECEC2558}.Release|Any CPU.ActiveCfg = Release|Any CPU
		{BD10564C-6FC3-495D-B93D-BB53ECEC2558}.Release|Any CPU.Build.0 = Release|Any CPU
	EndGlobalSection
	GlobalSection(SolutionProperties) = preSolution
		HideSolutionNode = FALSE
	EndGlobalSection
	GlobalSection(ExtensibilityGlobals) = postSolution
		SolutionGuid = {779C6B3D-B790-48E9-93EA-065A33E3A5AC}
	EndGlobalSection
EndGlobal
